{
    "version": 3,
    "terraform_version": "0.10.4",
    "serial": 5,
    "lineage": "a488bb3d-d65a-4f81-8a3c-ce28cec4d8b1",
    "modules": [
        {
            "path": [
                "root"
            ],
            "outputs": {},
            "resources": {
                "digitalocean_droplet.app": {
                    "type": "digitalocean_droplet",
                    "depends_on": [],
                    "primary": {
                        "id": "62035909",
                        "attributes": {
                            "disk": "20",
                            "id": "62035909",
                            "image": "ubuntu-17-04-x64",
                            "ipv4_address": "138.68.251.7",
                            "locked": "false",
                            "name": "app.thessaly.ca",
                            "price_hourly": "0.00744",
                            "price_monthly": "5",
                            "region": "sfo2",
                            "resize_disk": "true",
                            "size": "512mb",
                            "status": "active",
                            "tags.#": "0",
                            "vcpus": "1"
                        },
                        "meta": {},
                        "tainted": false
                    },
                    "deposed": [],
                    "provider": ""
                },
                "digitalocean_floating_ip.app": {
                    "type": "digitalocean_floating_ip",
                    "depends_on": [
                        "digitalocean_droplet.app"
                    ],
                    "primary": {
                        "id": "138.68.36.142",
                        "attributes": {
                            "droplet_id": "62035909",
                            "id": "138.68.36.142",
                            "ip_address": "138.68.36.142",
                            "region": "sfo2"
                        },
                        "meta": {},
                        "tainted": false
                    },
                    "deposed": [],
                    "provider": ""
                }
            },
            "depends_on": []
        }
    ]
}
